
Microsoft Visual Studio Solution File, Format Version 12.00
# Visual Studio Version 17
VisualStudioVersion = 17.8.34330.188
MinimumVisualStudioVersion = 10.0.40219.1
Project("{2150E333-8FDC-42A3-9474-1A3956D46DE8}") = "src", "src", "{84948636-9088-4F3A-BCEE-2EB590A510E2}"
EndProject
Project("{2150E333-8FDC-42A3-9474-1A3956D46DE8}") = "test", "test", "{2B4DA9B6-482B-49DD-BEEE-4B06180433EF}"
EndProject
Project("{9A19103F-16F7-4668-BE54-9A1E7A4F7556}") = "EFCoreTutorial.Data", "EFCoreTutorial.Data\EFCoreTutorial.Data.csproj", "{BBD9D95F-7C65-460D-8625-FBC986485C16}"
EndProject
Project("{2150E333-8FDC-42A3-9474-1A3956D46DE8}") = "Solution Items", "Solution Items", "{4F8EE4A8-5211-4510-B6AF-1D0EB3F2D556}"
	ProjectSection(SolutionItems) = preProject
		.editorconfig = .editorconfig
	EndProjectSection
EndProject
Project("{9A19103F-16F7-4668-BE54-9A1E7A4F7556}") = "EFCoreTutorial.WebApi", "EFCoreTutorial.WebApi\EFCoreTutorial.WebApi.csproj", "{D410E087-89AF-482B-BECB-841E918DAF56}"
EndProject
Project("{FAE04EC0-301F-11D3-BF4B-00C04F79EFBC}") = "EfCoreTutorial.Common", "EfCoreTutorial.Common\EfCoreTutorial.Common.csproj", "{7C802F2D-EA06-455C-9C9A-3CA994FA9F79}"
EndProject
Global
	GlobalSection(SolutionConfigurationPlatforms) = preSolution
		Debug|Any CPU = Debug|Any CPU
		Release|Any CPU = Release|Any CPU
	EndGlobalSection
	GlobalSection(ProjectConfigurationPlatforms) = postSolution
		{BBD9D95F-7C65-460D-8625-FBC986485C16}.Debug|Any CPU.ActiveCfg = Debug|Any CPU
		{BBD9D95F-7C65-460D-8625-FBC986485C16}.Debug|Any CPU.Build.0 = Debug|Any CPU
		{BBD9D95F-7C65-460D-8625-FBC986485C16}.Release|Any CPU.ActiveCfg = Release|Any CPU
		{BBD9D95F-7C65-460D-8625-FBC986485C16}.Release|Any CPU.Build.0 = Release|Any CPU
		{D410E087-89AF-482B-BECB-841E918DAF56}.Debug|Any CPU.ActiveCfg = Debug|Any CPU
		{D410E087-89AF-482B-BECB-841E918DAF56}.Debug|Any CPU.Build.0 = Debug|Any CPU
		{D410E087-89AF-482B-BECB-841E918DAF56}.Release|Any CPU.ActiveCfg = Release|Any CPU
		{D410E087-89AF-482B-BECB-841E918DAF56}.Release|Any CPU.Build.0 = Release|Any CPU
		{7C802F2D-EA06-455C-9C9A-3CA994FA9F79}.Debug|Any CPU.ActiveCfg = Debug|Any CPU
		{7C802F2D-EA06-455C-9C9A-3CA994FA9F79}.Debug|Any CPU.Build.0 = Debug|Any CPU
		{7C802F2D-EA06-455C-9C9A-3CA994FA9F79}.Release|Any CPU.ActiveCfg = Release|Any CPU
		{7C802F2D-EA06-455C-9C9A-3CA994FA9F79}.Release|Any CPU.Build.0 = Release|Any CPU
	EndGlobalSection
	GlobalSection(SolutionProperties) = preSolution
		HideSolutionNode = FALSE
	EndGlobalSection
	GlobalSection(NestedProjects) = preSolution
		{BBD9D95F-7C65-460D-8625-FBC986485C16} = {84948636-9088-4F3A-BCEE-2EB590A510E2}
		{D410E087-89AF-482B-BECB-841E918DAF56} = {84948636-9088-4F3A-BCEE-2EB590A510E2}
		{7C802F2D-EA06-455C-9C9A-3CA994FA9F79} = {84948636-9088-4F3A-BCEE-2EB590A510E2}
	EndGlobalSection
	GlobalSection(ExtensibilityGlobals) = postSolution
		SolutionGuid = {3126337B-C1EB-483A-BE7C-9CA46B75534C}
	EndGlobalSection
EndGlobal
